
Microsoft Visual Studio Solution File, Format Version 12.00
# Visual Studio 2012
Project("{FAE04EC0-301F-11D3-BF4B-00C04F79EFBC}") = "AsyncDataLoader", "AsyncDataLoader.csproj", "{FF94EFE5-E550-4BB3-BCAE-5ADA6B8F0A62}"
EndProject
Project("{2150E333-8FDC-42A3-9474-1A3956D46DE8}") = "Libraries", "Libraries", "{6443FBFF-AC21-4DD5-A555-FFEC86FFBAA4}"
	ProjectSection(SolutionItems) = preProject
		Libraries\Android.Drawing.dll = Libraries\Android.Drawing.dll
		Libraries\Android.Drawing.dll.mdb = Libraries\Android.Drawing.dll.mdb
		Libraries\Android.Drawing.pdb = Libraries\Android.Drawing.pdb
	EndProjectSection
EndProject
Global
	GlobalSection(SolutionConfigurationPlatforms) = preSolution
		Debug|Any CPU = Debug|Any CPU
		Release|Any CPU = Release|Any CPU
	EndGlobalSection
	GlobalSection(ProjectConfigurationPlatforms) = postSolution
		{FF94EFE5-E550-4BB3-BCAE-5ADA6B8F0A62}.Debug|Any CPU.ActiveCfg = Debug|Any CPU
		{FF94EFE5-E550-4BB3-BCAE-5ADA6B8F0A62}.Debug|Any CPU.Build.0 = Debug|Any CPU
		{FF94EFE5-E550-4BB3-BCAE-5ADA6B8F0A62}.Release|Any CPU.ActiveCfg = Release|Any CPU
		{FF94EFE5-E550-4BB3-BCAE-5ADA6B8F0A62}.Release|Any CPU.Build.0 = Release|Any CPU
	EndGlobalSection
	GlobalSection(SolutionProperties) = preSolution
		HideSolutionNode = FALSE
	EndGlobalSection
EndGlobal
