
Microsoft Visual Studio Solution File, Format Version 12.00
# Visual Studio 2012
Project("{FAE04EC0-301F-11D3-BF4B-00C04F79EFBC}") = "AsyncDataLoader.Android", "AsyncDataLoader.Android.csproj", "{FF94EFE5-E550-4BB3-BCAE-5ADA6B8F0A62}"
EndProject
Project("{2150E333-8FDC-42A3-9474-1A3956D46DE8}") = "Libraries", "Libraries", "{6443FBFF-AC21-4DD5-A555-FFEC86FFBAA4}"
	ProjectSection(SolutionItems) = preProject
		Libraries\Android.Drawing.dll = Libraries\Android.Drawing.dll
		Libraries\System.Drawing.dll = Libraries\System.Drawing.dll
	EndProjectSection
EndProject
Project("{FAE04EC0-301F-11D3-BF4B-00C04F79EFBC}") = "AsyncDataLoader.Metro", "AsyncDataLoader.Metro.csproj", "{61A8AE20-F47E-4583-8009-2687C0EC41EE}"
EndProject
Global
	GlobalSection(SolutionConfigurationPlatforms) = preSolution
		Debug|ARM = Debug|ARM
		Debug|Any CPU = Debug|Any CPU
		Debug|x64 = Debug|x64
		Debug|x86 = Debug|x86
		Release|ARM = Release|ARM
		Release|Any CPU = Release|Any CPU
		Release|x64 = Release|x64
		Release|x86 = Release|x86
	EndGlobalSection
	GlobalSection(ProjectConfigurationPlatforms) = postSolution
		{61A8AE20-F47E-4583-8009-2687C0EC41EE}.Debug|ARM.ActiveCfg = Debug|ARM
		{61A8AE20-F47E-4583-8009-2687C0EC41EE}.Debug|ARM.Build.0 = Debug|ARM
		{61A8AE20-F47E-4583-8009-2687C0EC41EE}.Debug|Any CPU.ActiveCfg = Debug|Any CPU
		{61A8AE20-F47E-4583-8009-2687C0EC41EE}.Debug|Any CPU.Build.0 = Debug|Any CPU
		{61A8AE20-F47E-4583-8009-2687C0EC41EE}.Debug|x64.ActiveCfg = Debug|x64
		{61A8AE20-F47E-4583-8009-2687C0EC41EE}.Debug|x64.Build.0 = Debug|x64
		{61A8AE20-F47E-4583-8009-2687C0EC41EE}.Debug|x86.ActiveCfg = Debug|x86
		{61A8AE20-F47E-4583-8009-2687C0EC41EE}.Debug|x86.Build.0 = Debug|x86
		{61A8AE20-F47E-4583-8009-2687C0EC41EE}.Release|ARM.ActiveCfg = Release|ARM
		{61A8AE20-F47E-4583-8009-2687C0EC41EE}.Release|ARM.Build.0 = Release|ARM
		{61A8AE20-F47E-4583-8009-2687C0EC41EE}.Release|Any CPU.ActiveCfg = Release|Any CPU
		{61A8AE20-F47E-4583-8009-2687C0EC41EE}.Release|Any CPU.Build.0 = Release|Any CPU
		{61A8AE20-F47E-4583-8009-2687C0EC41EE}.Release|x64.ActiveCfg = Release|x64
		{61A8AE20-F47E-4583-8009-2687C0EC41EE}.Release|x64.Build.0 = Release|x64
		{61A8AE20-F47E-4583-8009-2687C0EC41EE}.Release|x86.ActiveCfg = Release|x86
		{61A8AE20-F47E-4583-8009-2687C0EC41EE}.Release|x86.Build.0 = Release|x86
		{FF94EFE5-E550-4BB3-BCAE-5ADA6B8F0A62}.Debug|ARM.ActiveCfg = Debug|Any CPU
		{FF94EFE5-E550-4BB3-BCAE-5ADA6B8F0A62}.Debug|Any CPU.ActiveCfg = Debug|Any CPU
		{FF94EFE5-E550-4BB3-BCAE-5ADA6B8F0A62}.Debug|Any CPU.Build.0 = Debug|Any CPU
		{FF94EFE5-E550-4BB3-BCAE-5ADA6B8F0A62}.Debug|x64.ActiveCfg = Debug|Any CPU
		{FF94EFE5-E550-4BB3-BCAE-5ADA6B8F0A62}.Debug|x86.ActiveCfg = Debug|Any CPU
		{FF94EFE5-E550-4BB3-BCAE-5ADA6B8F0A62}.Release|ARM.ActiveCfg = Release|Any CPU
		{FF94EFE5-E550-4BB3-BCAE-5ADA6B8F0A62}.Release|Any CPU.ActiveCfg = Release|Any CPU
		{FF94EFE5-E550-4BB3-BCAE-5ADA6B8F0A62}.Release|Any CPU.Build.0 = Release|Any CPU
		{FF94EFE5-E550-4BB3-BCAE-5ADA6B8F0A62}.Release|x64.ActiveCfg = Release|Any CPU
		{FF94EFE5-E550-4BB3-BCAE-5ADA6B8F0A62}.Release|x86.ActiveCfg = Release|Any CPU
	EndGlobalSection
	GlobalSection(SolutionProperties) = preSolution
		HideSolutionNode = FALSE
	EndGlobalSection
EndGlobal
